
Microsoft Visual Studio Solution File, Format Version 12.00
# Visual Studio Version 17
VisualStudioVersion = 17.1.32228.430
MinimumVisualStudioVersion = 10.0.40219.1
Project("{FAE04EC0-301F-11D3-BF4B-00C04F79EFBC}") = "LogWindow", "LogWindow\LogWindow.csproj", "{0D121CFF-5A43-4175-A2C8-CF3A81B636E4}"
EndProject
Project("{FAE04EC0-301F-11D3-BF4B-00C04F79EFBC}") = "LogWindowTest", "LogWindowTest\LogWindowTest.csproj", "{E39080C0-1EE3-4A98-9045-4ADFF0B0759A}"
EndProject
Global
	GlobalSection(SolutionConfigurationPlatforms) = preSolution
		Debug|Any CPU = Debug|Any CPU
		Release|Any CPU = Release|Any CPU
	EndGlobalSection
	GlobalSection(ProjectConfigurationPlatforms) = postSolution
		{0D121CFF-5A43-4175-A2C8-CF3A81B636E4}.Debug|Any CPU.ActiveCfg = Debug|Any CPU
		{0D121CFF-5A43-4175-A2C8-CF3A81B636E4}.Debug|Any CPU.Build.0 = Debug|Any CPU
		{0D121CFF-5A43-4175-A2C8-CF3A81B636E4}.Release|Any CPU.ActiveCfg = Release|Any CPU
		{0D121CFF-5A43-4175-A2C8-CF3A81B636E4}.Release|Any CPU.Build.0 = Release|Any CPU
		{E39080C0-1EE3-4A98-9045-4ADFF0B0759A}.Debug|Any CPU.ActiveCfg = Debug|Any CPU
		{E39080C0-1EE3-4A98-9045-4ADFF0B0759A}.Debug|Any CPU.Build.0 = Debug|Any CPU
		{E39080C0-1EE3-4A98-9045-4ADFF0B0759A}.Release|Any CPU.ActiveCfg = Release|Any CPU
		{E39080C0-1EE3-4A98-9045-4ADFF0B0759A}.Release|Any CPU.Build.0 = Release|Any CPU
	EndGlobalSection
	GlobalSection(SolutionProperties) = preSolution
		HideSolutionNode = FALSE
	EndGlobalSection
	GlobalSection(ExtensibilityGlobals) = postSolution
		SolutionGuid = {85722DB1-B599-4536-A1D3-4FDC82440E3D}
	EndGlobalSection
EndGlobal
